
Microsoft Visual Studio Solution File, Format Version 12.00
# Visual Studio Version 16
VisualStudioVersion = 16.0.32602.291
MinimumVisualStudioVersion = 10.0.40219.1
Project("{FAE04EC0-301F-11D3-BF4B-00C04F79EFBC}") = "QL_SUKIEN", "QL_SUKIEN\QL_SUKIEN.csproj", "{E55DC5CD-ACA8-4BC6-8ABC-A96BAD54C7C6}"
EndProject
Global
	GlobalSection(SolutionConfigurationPlatforms) = preSolution
		Debug|Any CPU = Debug|Any CPU
		Release|Any CPU = Release|Any CPU
	EndGlobalSection
	GlobalSection(ProjectConfigurationPlatforms) = postSolution
		{E55DC5CD-ACA8-4BC6-8ABC-A96BAD54C7C6}.Debug|Any CPU.ActiveCfg = Debug|Any CPU
		{E55DC5CD-ACA8-4BC6-8ABC-A96BAD54C7C6}.Debug|Any CPU.Build.0 = Debug|Any CPU
		{E55DC5CD-ACA8-4BC6-8ABC-A96BAD54C7C6}.Release|Any CPU.ActiveCfg = Release|Any CPU
		{E55DC5CD-ACA8-4BC6-8ABC-A96BAD54C7C6}.Release|Any CPU.Build.0 = Release|Any CPU
	EndGlobalSection
	GlobalSection(SolutionProperties) = preSolution
		HideSolutionNode = FALSE
	EndGlobalSection
	GlobalSection(ExtensibilityGlobals) = postSolution
		SolutionGuid = {93AC8EFD-25C7-4C86-935B-1FDF92D51F8F}
	EndGlobalSection
EndGlobal
